
Microsoft Visual Studio Solution File, Format Version 10.00
# Visual Studio 2008
Project("{FAE04EC0-301F-11D3-BF4B-00C04F79EFBC}") = "SisgaProductKeyGenerator", "SisgaProductKeyGenerator\SisgaProductKeyGenerator.csproj", "{683F5228-227B-469F-9B0A-8A030C8090AF}"
EndProject
Global
	GlobalSection(SolutionConfigurationPlatforms) = preSolution
		Debug|Any CPU = Debug|Any CPU
		Release|Any CPU = Release|Any CPU
	EndGlobalSection
	GlobalSection(ProjectConfigurationPlatforms) = postSolution
		{683F5228-227B-469F-9B0A-8A030C8090AF}.Debug|Any CPU.ActiveCfg = Debug|Any CPU
		{683F5228-227B-469F-9B0A-8A030C8090AF}.Debug|Any CPU.Build.0 = Debug|Any CPU
		{683F5228-227B-469F-9B0A-8A030C8090AF}.Release|Any CPU.ActiveCfg = Release|Any CPU
		{683F5228-227B-469F-9B0A-8A030C8090AF}.Release|Any CPU.Build.0 = Release|Any CPU
	EndGlobalSection
	GlobalSection(SolutionProperties) = preSolution
		HideSolutionNode = FALSE
	EndGlobalSection
EndGlobal
